
Microsoft Visual Studio Solution File, Format Version 12.00
# Visual Studio Version 16
VisualStudioVersion = 16.0.30717.126
MinimumVisualStudioVersion = 10.0.40219.1
Project("{FAE04EC0-301F-11D3-BF4B-00C04F79EFBC}") = "BPS Dashboard", "BPS Dashboard.csproj", "{653A8405-2F1E-4364-B990-750CFD53DFE9}"
EndProject
Global
	GlobalSection(SolutionConfigurationPlatforms) = preSolution
		Debug|Any CPU = Debug|Any CPU
		Release|Any CPU = Release|Any CPU
	EndGlobalSection
	GlobalSection(ProjectConfigurationPlatforms) = postSolution
		{653A8405-2F1E-4364-B990-750CFD53DFE9}.Debug|Any CPU.ActiveCfg = Debug|Any CPU
		{653A8405-2F1E-4364-B990-750CFD53DFE9}.Debug|Any CPU.Build.0 = Debug|Any CPU
		{653A8405-2F1E-4364-B990-750CFD53DFE9}.Release|Any CPU.ActiveCfg = Release|Any CPU
		{653A8405-2F1E-4364-B990-750CFD53DFE9}.Release|Any CPU.Build.0 = Release|Any CPU
	EndGlobalSection
	GlobalSection(SolutionProperties) = preSolution
		HideSolutionNode = FALSE
	EndGlobalSection
	GlobalSection(ExtensibilityGlobals) = postSolution
		SolutionGuid = {75B20C6B-6D6F-4F2F-AD57-F26B68EB6C95}
	EndGlobalSection
EndGlobal
